// !$*UTF8*$!
{
	archiveVersion = 1;
	classes = {
	};
	objectVersion = 56;
	objects = {

/* Begin PBXBuildFile section */
		20A662C32A967146000EC564 /* App.swift in Sources */ = {isa = PBXBuildFile; fileRef = 20A662C22A967146000EC564 /* App.swift */; };
		20A662C72A96714C000EC564 /* Assets.xcassets in Resources */ = {isa = PBXBuildFile; fileRef = 20A662C62A96714C000EC564 /* Assets.xcassets */; };
		20A662CA2A96714C000EC564 /* Preview Assets.xcassets in Resources */ = {isa = PBXBuildFile; fileRef = 20A662C92A96714C000EC564 /* Preview Assets.xcassets */; };
		20C2FE292A967A0A003B7CB7 /* AppFeature in Frameworks */ = {isa = PBXBuildFile; productRef = 20C2FE282A967A0A003B7CB7 /* AppFeature */; };
		20C2FE312A9D4C58003B7CB7 /* WidgetKit.framework in Frameworks */ = {isa = PBXBuildFile; fileRef = 20C2FE302A9D4C58003B7CB7 /* WidgetKit.framework */; };
		20C2FE332A9D4C58003B7CB7 /* SwiftUI.framework in Frameworks */ = {isa = PBXBuildFile; fileRef = 20C2FE322A9D4C58003B7CB7 /* SwiftUI.framework */; };
		20C2FE362A9D4C58003B7CB7 /* WidgetBundle.swift in Sources */ = {isa = PBXBuildFile; fileRef = 20C2FE352A9D4C58003B7CB7 /* WidgetBundle.swift */; };
		20C2FE382A9D4C58003B7CB7 /* WidgetLiveActivity.swift in Sources */ = {isa = PBXBuildFile; fileRef = 20C2FE372A9D4C58003B7CB7 /* WidgetLiveActivity.swift */; };
		20C2FE3A2A9D4C58003B7CB7 /* Widget.swift in Sources */ = {isa = PBXBuildFile; fileRef = 20C2FE392A9D4C58003B7CB7 /* Widget.swift */; };
		20C2FE3E2A9D4C5D003B7CB7 /* Assets.xcassets in Resources */ = {isa = PBXBuildFile; fileRef = 20C2FE3D2A9D4C5D003B7CB7 /* Assets.xcassets */; };
		20C2FE422A9D4C5D003B7CB7 /* WidgetExtension.appex in Embed Foundation Extensions */ = {isa = PBXBuildFile; fileRef = 20C2FE2F2A9D4C58003B7CB7 /* WidgetExtension.appex */; settings = {ATTRIBUTES = (RemoveHeadersOnCopy, ); }; };
		20C2FE482A9DDBF4003B7CB7 /* WidgetFeature in Frameworks */ = {isa = PBXBuildFile; productRef = 20C2FE472A9DDBF4003B7CB7 /* WidgetFeature */; };
		20C2FE4C2A9FE1D1003B7CB7 /* WidgetActivityAttributes in Frameworks */ = {isa = PBXBuildFile; productRef = 20C2FE4B2A9FE1D1003B7CB7 /* WidgetActivityAttributes */; };
		20C2FE4E2A9FE523003B7CB7 /* WidgetLiveActivityFeature in Frameworks */ = {isa = PBXBuildFile; productRef = 20C2FE4D2A9FE523003B7CB7 /* WidgetLiveActivityFeature */; };
/* End PBXBuildFile section */

/* Begin PBXContainerItemProxy section */
		20C2FE402A9D4C5D003B7CB7 /* PBXContainerItemProxy */ = {
			isa = PBXContainerItemProxy;
			containerPortal = 20A662B72A967146000EC564 /* Project object */;
			proxyType = 1;
			remoteGlobalIDString = 20C2FE2E2A9D4C58003B7CB7;
			remoteInfo = WidgetExtension;
		};
/* End PBXContainerItemProxy section */

/* Begin PBXCopyFilesBuildPhase section */
		20C2FE432A9D4C5D003B7CB7 /* Embed Foundation Extensions */ = {
			isa = PBXCopyFilesBuildPhase;
			buildActionMask = 2147483647;
			dstPath = "";
			dstSubfolderSpec = 13;
			files = (
				20C2FE422A9D4C5D003B7CB7 /* WidgetExtension.appex in Embed Foundation Extensions */,
			);
			name = "Embed Foundation Extensions";
			runOnlyForDeploymentPostprocessing = 0;
		};
/* End PBXCopyFilesBuildPhase section */

/* Begin PBXFileReference section */
		20A662BF2A967146000EC564 /* Metronome.app */ = {isa = PBXFileReference; explicitFileType = wrapper.application; includeInIndex = 0; path = Metronome.app; sourceTree = BUILT_PRODUCTS_DIR; };
		20A662C22A967146000EC564 /* App.swift */ = {isa = PBXFileReference; lastKnownFileType = sourcecode.swift; path = App.swift; sourceTree = "<group>"; };
		20A662C62A96714C000EC564 /* Assets.xcassets */ = {isa = PBXFileReference; lastKnownFileType = folder.assetcatalog; path = Assets.xcassets; sourceTree = "<group>"; };
		20A662C92A96714C000EC564 /* Preview Assets.xcassets */ = {isa = PBXFileReference; lastKnownFileType = folder.assetcatalog; path = "Preview Assets.xcassets"; sourceTree = "<group>"; };
		20A662D02A967802000EC564 /* ios-metronome */ = {isa = PBXFileReference; lastKnownFileType = wrapper; name = "ios-metronome"; path = ..; sourceTree = "<group>"; };
		20C2FE2A2A968396003B7CB7 /* Info.plist */ = {isa = PBXFileReference; lastKnownFileType = text.plist; path = Info.plist; sourceTree = "<group>"; };
		20C2FE2F2A9D4C58003B7CB7 /* WidgetExtension.appex */ = {isa = PBXFileReference; explicitFileType = "wrapper.app-extension"; includeInIndex = 0; path = WidgetExtension.appex; sourceTree = BUILT_PRODUCTS_DIR; };
		20C2FE302A9D4C58003B7CB7 /* WidgetKit.framework */ = {isa = PBXFileReference; lastKnownFileType = wrapper.framework; name = WidgetKit.framework; path = System/Library/Frameworks/WidgetKit.framework; sourceTree = SDKROOT; };
		20C2FE322A9D4C58003B7CB7 /* SwiftUI.framework */ = {isa = PBXFileReference; lastKnownFileType = wrapper.framework; name = SwiftUI.framework; path = System/Library/Frameworks/SwiftUI.framework; sourceTree = SDKROOT; };
		20C2FE352A9D4C58003B7CB7 /* WidgetBundle.swift */ = {isa = PBXFileReference; lastKnownFileType = sourcecode.swift; path = WidgetBundle.swift; sourceTree = "<group>"; };
		20C2FE372A9D4C58003B7CB7 /* WidgetLiveActivity.swift */ = {isa = PBXFileReference; lastKnownFileType = sourcecode.swift; path = WidgetLiveActivity.swift; sourceTree = "<group>"; };
		20C2FE392A9D4C58003B7CB7 /* Widget.swift */ = {isa = PBXFileReference; lastKnownFileType = sourcecode.swift; path = Widget.swift; sourceTree = "<group>"; };
		20C2FE3D2A9D4C5D003B7CB7 /* Assets.xcassets */ = {isa = PBXFileReference; lastKnownFileType = folder.assetcatalog; path = Assets.xcassets; sourceTree = "<group>"; };
		20C2FE3F2A9D4C5D003B7CB7 /* Info.plist */ = {isa = PBXFileReference; lastKnownFileType = text.plist.xml; path = Info.plist; sourceTree = "<group>"; };
		20C2FE492A9DF4BD003B7CB7 /* Metronome.entitlements */ = {isa = PBXFileReference; lastKnownFileType = text.plist.entitlements; path = Metronome.entitlements; sourceTree = "<group>"; };
		20C2FE4A2A9DF554003B7CB7 /* WidgetExtension.entitlements */ = {isa = PBXFileReference; lastKnownFileType = text.plist.entitlements; path = WidgetExtension.entitlements; sourceTree = "<group>"; };
		20C2FE4F2AA007EB003B7CB7 /* Metronome.xctestplan */ = {isa = PBXFileReference; lastKnownFileType = text; path = Metronome.xctestplan; sourceTree = "<group>"; };
/* End PBXFileReference section */

/* Begin PBXFrameworksBuildPhase section */
		20A662BC2A967146000EC564 /* Frameworks */ = {
			isa = PBXFrameworksBuildPhase;
			buildActionMask = 2147483647;
			files = (
				20C2FE292A967A0A003B7CB7 /* AppFeature in Frameworks */,
			);
			runOnlyForDeploymentPostprocessing = 0;
		};
		20C2FE2C2A9D4C58003B7CB7 /* Frameworks */ = {
			isa = PBXFrameworksBuildPhase;
			buildActionMask = 2147483647;
			files = (
				20C2FE4C2A9FE1D1003B7CB7 /* WidgetActivityAttributes in Frameworks */,
				20C2FE332A9D4C58003B7CB7 /* SwiftUI.framework in Frameworks */,
				20C2FE482A9DDBF4003B7CB7 /* WidgetFeature in Frameworks */,
				20C2FE312A9D4C58003B7CB7 /* WidgetKit.framework in Frameworks */,
				20C2FE4E2A9FE523003B7CB7 /* WidgetLiveActivityFeature in Frameworks */,
			);
			runOnlyForDeploymentPostprocessing = 0;
		};
/* End PBXFrameworksBuildPhase section */

/* Begin PBXGroup section */
		20A662B62A967146000EC564 = {
			isa = PBXGroup;
			children = (
				20C2FE4F2AA007EB003B7CB7 /* Metronome.xctestplan */,
				20A662D02A967802000EC564 /* ios-metronome */,
				20A662C12A967146000EC564 /* Metronome */,
				20C2FE342A9D4C58003B7CB7 /* Widget */,
				20A662C02A967146000EC564 /* Products */,
				20C2FE272A967A0A003B7CB7 /* Frameworks */,
			);
			sourceTree = "<group>";
		};
		20A662C02A967146000EC564 /* Products */ = {
			isa = PBXGroup;
			children = (
				20A662BF2A967146000EC564 /* Metronome.app */,
				20C2FE2F2A9D4C58003B7CB7 /* WidgetExtension.appex */,
			);
			name = Products;
			sourceTree = "<group>";
		};
		20A662C12A967146000EC564 /* Metronome */ = {
			isa = PBXGroup;
			children = (
				20C2FE492A9DF4BD003B7CB7 /* Metronome.entitlements */,
				20C2FE2A2A968396003B7CB7 /* Info.plist */,
				20A662C22A967146000EC564 /* App.swift */,
				20A662C62A96714C000EC564 /* Assets.xcassets */,
				20A662C82A96714C000EC564 /* Preview Content */,
			);
			path = Metronome;
			sourceTree = "<group>";
		};
		20A662C82A96714C000EC564 /* Preview Content */ = {
			isa = PBXGroup;
			children = (
				20A662C92A96714C000EC564 /* Preview Assets.xcassets */,
			);
			path = "Preview Content";
			sourceTree = "<group>";
		};
		20C2FE272A967A0A003B7CB7 /* Frameworks */ = {
			isa = PBXGroup;
			children = (
				20C2FE302A9D4C58003B7CB7 /* WidgetKit.framework */,
				20C2FE322A9D4C58003B7CB7 /* SwiftUI.framework */,
			);
			name = Frameworks;
			sourceTree = "<group>";
		};
		20C2FE342A9D4C58003B7CB7 /* Widget */ = {
			isa = PBXGroup;
			children = (
				20C2FE4A2A9DF554003B7CB7 /* WidgetExtension.entitlements */,
				20C2FE352A9D4C58003B7CB7 /* WidgetBundle.swift */,
				20C2FE372A9D4C58003B7CB7 /* WidgetLiveActivity.swift */,
				20C2FE392A9D4C58003B7CB7 /* Widget.swift */,
				20C2FE3D2A9D4C5D003B7CB7 /* Assets.xcassets */,
				20C2FE3F2A9D4C5D003B7CB7 /* Info.plist */,
			);
			path = Widget;
			sourceTree = "<group>";
		};
/* End PBXGroup section */

/* Begin PBXNativeTarget section */
		20A662BE2A967146000EC564 /* Metronome */ = {
			isa = PBXNativeTarget;
			buildConfigurationList = 20A662CD2A96714C000EC564 /* Build configuration list for PBXNativeTarget "Metronome" */;
			buildPhases = (
				20A662BB2A967146000EC564 /* Sources */,
				20A662BC2A967146000EC564 /* Frameworks */,
				20A662BD2A967146000EC564 /* Resources */,
				20C2FE432A9D4C5D003B7CB7 /* Embed Foundation Extensions */,
			);
			buildRules = (
			);
			dependencies = (
				20C2FE412A9D4C5D003B7CB7 /* PBXTargetDependency */,
			);
			name = Metronome;
			packageProductDependencies = (
				20C2FE282A967A0A003B7CB7 /* AppFeature */,
			);
			productName = Metronome;
			productReference = 20A662BF2A967146000EC564 /* Metronome.app */;
			productType = "com.apple.product-type.application";
		};
		20C2FE2E2A9D4C58003B7CB7 /* WidgetExtension */ = {
			isa = PBXNativeTarget;
			buildConfigurationList = 20C2FE462A9D4C5D003B7CB7 /* Build configuration list for PBXNativeTarget "WidgetExtension" */;
			buildPhases = (
				20C2FE2B2A9D4C58003B7CB7 /* Sources */,
				20C2FE2C2A9D4C58003B7CB7 /* Frameworks */,
				20C2FE2D2A9D4C58003B7CB7 /* Resources */,
			);
			buildRules = (
			);
			dependencies = (
			);
			name = WidgetExtension;
			packageProductDependencies = (
				20C2FE472A9DDBF4003B7CB7 /* WidgetFeature */,
				20C2FE4B2A9FE1D1003B7CB7 /* WidgetActivityAttributes */,
				20C2FE4D2A9FE523003B7CB7 /* WidgetLiveActivityFeature */,
			);
			productName = WidgetExtension;
			productReference = 20C2FE2F2A9D4C58003B7CB7 /* WidgetExtension.appex */;
			productType = "com.apple.product-type.app-extension";
		};
/* End PBXNativeTarget section */

/* Begin PBXProject section */
		20A662B72A967146000EC564 /* Project object */ = {
			isa = PBXProject;
			attributes = {
				BuildIndependentTargetsInParallel = 1;
				LastSwiftUpdateCheck = 1500;
				LastUpgradeCheck = 1500;
				TargetAttributes = {
					20A662BE2A967146000EC564 = {
						CreatedOnToolsVersion = 15.0;
					};
					20C2FE2E2A9D4C58003B7CB7 = {
						CreatedOnToolsVersion = 15.0;
					};
				};
			};
			buildConfigurationList = 20A662BA2A967146000EC564 /* Build configuration list for PBXProject "Metronome" */;
			compatibilityVersion = "Xcode 14.0";
			developmentRegion = en;
			hasScannedForEncodings = 0;
			knownRegions = (
				en,
				Base,
			);
			mainGroup = 20A662B62A967146000EC564;
			productRefGroup = 20A662C02A967146000EC564 /* Products */;
			projectDirPath = "";
			projectRoot = "";
			targets = (
				20A662BE2A967146000EC564 /* Metronome */,
				20C2FE2E2A9D4C58003B7CB7 /* WidgetExtension */,
			);
		};
/* End PBXProject section */

/* Begin PBXResourcesBuildPhase section */
		20A662BD2A967146000EC564 /* Resources */ = {
			isa = PBXResourcesBuildPhase;
			buildActionMask = 2147483647;
			files = (
				20A662CA2A96714C000EC564 /* Preview Assets.xcassets in Resources */,
				20A662C72A96714C000EC564 /* Assets.xcassets in Resources */,
			);
			runOnlyForDeploymentPostprocessing = 0;
		};
		20C2FE2D2A9D4C58003B7CB7 /* Resources */ = {
			isa = PBXResourcesBuildPhase;
			buildActionMask = 2147483647;
			files = (
				20C2FE3E2A9D4C5D003B7CB7 /* Assets.xcassets in Resources */,
			);
			runOnlyForDeploymentPostprocessing = 0;
		};
/* End PBXResourcesBuildPhase section */

/* Begin PBXSourcesBuildPhase section */
		20A662BB2A967146000EC564 /* Sources */ = {
			isa = PBXSourcesBuildPhase;
			buildActionMask = 2147483647;
			files = (
				20A662C32A967146000EC564 /* App.swift in Sources */,
			);
			runOnlyForDeploymentPostprocessing = 0;
		};
		20C2FE2B2A9D4C58003B7CB7 /* Sources */ = {
			isa = PBXSourcesBuildPhase;
			buildActionMask = 2147483647;
			files = (
				20C2FE382A9D4C58003B7CB7 /* WidgetLiveActivity.swift in Sources */,
				20C2FE362A9D4C58003B7CB7 /* WidgetBundle.swift in Sources */,
				20C2FE3A2A9D4C58003B7CB7 /* Widget.swift in Sources */,
			);
			runOnlyForDeploymentPostprocessing = 0;
		};
/* End PBXSourcesBuildPhase section */

/* Begin PBXTargetDependency section */
		20C2FE412A9D4C5D003B7CB7 /* PBXTargetDependency */ = {
			isa = PBXTargetDependency;
			target = 20C2FE2E2A9D4C58003B7CB7 /* WidgetExtension */;
			targetProxy = 20C2FE402A9D4C5D003B7CB7 /* PBXContainerItemProxy */;
		};
/* End PBXTargetDependency section */

/* Begin XCBuildConfiguration section */
		20A662CB2A96714C000EC564 /* Debug */ = {
			isa = XCBuildConfiguration;
			buildSettings = {
				ALWAYS_SEARCH_USER_PATHS = NO;
				ASSETCATALOG_COMPILER_GENERATE_SWIFT_ASSET_SYMBOL_EXTENSIONS = YES;
				CLANG_ANALYZER_NONNULL = YES;
				CLANG_ANALYZER_NUMBER_OBJECT_CONVERSION = YES_AGGRESSIVE;
				CLANG_CXX_LANGUAGE_STANDARD = "gnu++20";
				CLANG_ENABLE_MODULES = YES;
				CLANG_ENABLE_OBJC_ARC = YES;
				CLANG_ENABLE_OBJC_WEAK = YES;
				CLANG_WARN_BLOCK_CAPTURE_AUTORELEASING = YES;
				CLANG_WARN_BOOL_CONVERSION = YES;
				CLANG_WARN_COMMA = YES;
				CLANG_WARN_CONSTANT_CONVERSION = YES;
				CLANG_WARN_DEPRECATED_OBJC_IMPLEMENTATIONS = YES;
				CLANG_WARN_DIRECT_OBJC_ISA_USAGE = YES_ERROR;
				CLANG_WARN_DOCUMENTATION_COMMENTS = YES;
				CLANG_WARN_EMPTY_BODY = YES;
				CLANG_WARN_ENUM_CONVERSION = YES;
				CLANG_WARN_INFINITE_RECURSION = YES;
				CLANG_WARN_INT_CONVERSION = YES;
				CLANG_WARN_NON_LITERAL_NULL_CONVERSION = YES;
				CLANG_WARN_OBJC_IMPLICIT_RETAIN_SELF = YES;
				CLANG_WARN_OBJC_LITERAL_CONVERSION = YES;
				CLANG_WARN_OBJC_ROOT_CLASS = YES_ERROR;
				CLANG_WARN_QUOTED_INCLUDE_IN_FRAMEWORK_HEADER = YES;
				CLANG_WARN_RANGE_LOOP_ANALYSIS = YES;
				CLANG_WARN_STRICT_PROTOTYPES = YES;
				CLANG_WARN_SUSPICIOUS_MOVE = YES;
				CLANG_WARN_UNGUARDED_AVAILABILITY = YES_AGGRESSIVE;
				CLANG_WARN_UNREACHABLE_CODE = YES;
				CLANG_WARN__DUPLICATE_METHOD_MATCH = YES;
				COPY_PHASE_STRIP = NO;
				DEBUG_INFORMATION_FORMAT = dwarf;
				ENABLE_STRICT_OBJC_MSGSEND = YES;
				ENABLE_TESTABILITY = YES;
				ENABLE_USER_SCRIPT_SANDBOXING = YES;
				GCC_C_LANGUAGE_STANDARD = gnu17;
				GCC_DYNAMIC_NO_PIC = NO;
				GCC_NO_COMMON_BLOCKS = YES;
				GCC_OPTIMIZATION_LEVEL = 0;
				GCC_PREPROCESSOR_DEFINITIONS = (
					"DEBUG=1",
					"$(inherited)",
				);
				GCC_WARN_64_TO_32_BIT_CONVERSION = YES;
				GCC_WARN_ABOUT_RETURN_TYPE = YES_ERROR;
				GCC_WARN_UNDECLARED_SELECTOR = YES;
				GCC_WARN_UNINITIALIZED_AUTOS = YES_AGGRESSIVE;
				GCC_WARN_UNUSED_FUNCTION = YES;
				GCC_WARN_UNUSED_VARIABLE = YES;
				IPHONEOS_DEPLOYMENT_TARGET = 16.1;
				LOCALIZATION_PREFERS_STRING_CATALOGS = YES;
				MTL_ENABLE_DEBUG_INFO = INCLUDE_SOURCE;
				MTL_FAST_MATH = YES;
				ONLY_ACTIVE_ARCH = YES;
				SDKROOT = iphoneos;
				SWIFT_ACTIVE_COMPILATION_CONDITIONS = "DEBUG $(inherited)";
				SWIFT_OPTIMIZATION_LEVEL = "-Onone";
			};
			name = Debug;
		};
		20A662CC2A96714C000EC564 /* Release */ = {
			isa = XCBuildConfiguration;
			buildSettings = {
				ALWAYS_SEARCH_USER_PATHS = NO;
				ASSETCATALOG_COMPILER_GENERATE_SWIFT_ASSET_SYMBOL_EXTENSIONS = YES;
				CLANG_ANALYZER_NONNULL = YES;
				CLANG_ANALYZER_NUMBER_OBJECT_CONVERSION = YES_AGGRESSIVE;
				CLANG_CXX_LANGUAGE_STANDARD = "gnu++20";
				CLANG_ENABLE_MODULES = YES;
				CLANG_ENABLE_OBJC_ARC = YES;
				CLANG_ENABLE_OBJC_WEAK = YES;
				CLANG_WARN_BLOCK_CAPTURE_AUTORELEASING = YES;
				CLANG_WARN_BOOL_CONVERSION = YES;
				CLANG_WARN_COMMA = YES;
				CLANG_WARN_CONSTANT_CONVERSION = YES;
				CLANG_WARN_DEPRECATED_OBJC_IMPLEMENTATIONS = YES;
				CLANG_WARN_DIRECT_OBJC_ISA_USAGE = YES_ERROR;
				CLANG_WARN_DOCUMENTATION_COMMENTS = YES;
				CLANG_WARN_EMPTY_BODY = YES;
				CLANG_WARN_ENUM_CONVERSION = YES;
				CLANG_WARN_INFINITE_RECURSION = YES;
				CLANG_WARN_INT_CONVERSION = YES;
				CLANG_WARN_NON_LITERAL_NULL_CONVERSION = YES;
				CLANG_WARN_OBJC_IMPLICIT_RETAIN_SELF = YES;
				CLANG_WARN_OBJC_LITERAL_CONVERSION = YES;
				CLANG_WARN_OBJC_ROOT_CLASS = YES_ERROR;
				CLANG_WARN_QUOTED_INCLUDE_IN_FRAMEWORK_HEADER = YES;
				CLANG_WARN_RANGE_LOOP_ANALYSIS = YES;
				CLANG_WARN_STRICT_PROTOTYPES = YES;
				CLANG_WARN_SUSPICIOUS_MOVE = YES;
				CLANG_WARN_UNGUARDED_AVAILABILITY = YES_AGGRESSIVE;
				CLANG_WARN_UNREACHABLE_CODE = YES;
				CLANG_WARN__DUPLICATE_METHOD_MATCH = YES;
				COPY_PHASE_STRIP = NO;
				DEBUG_INFORMATION_FORMAT = "dwarf-with-dsym";
				ENABLE_NS_ASSERTIONS = NO;
				ENABLE_STRICT_OBJC_MSGSEND = YES;
				ENABLE_USER_SCRIPT_SANDBOXING = YES;
				GCC_C_LANGUAGE_STANDARD = gnu17;
				GCC_NO_COMMON_BLOCKS = YES;
				GCC_WARN_64_TO_32_BIT_CONVERSION = YES;
				GCC_WARN_ABOUT_RETURN_TYPE = YES_ERROR;
				GCC_WARN_UNDECLARED_SELECTOR = YES;
				GCC_WARN_UNINITIALIZED_AUTOS = YES_AGGRESSIVE;
				GCC_WARN_UNUSED_FUNCTION = YES;
				GCC_WARN_UNUSED_VARIABLE = YES;
				IPHONEOS_DEPLOYMENT_TARGET = 16.1;
				LOCALIZATION_PREFERS_STRING_CATALOGS = YES;
				MTL_ENABLE_DEBUG_INFO = NO;
				MTL_FAST_MATH = YES;
				SDKROOT = iphoneos;
				SWIFT_COMPILATION_MODE = wholemodule;
				VALIDATE_PRODUCT = YES;
			};
			name = Release;
		};
		20A662CE2A96714C000EC564 /* Debug */ = {
			isa = XCBuildConfiguration;
			buildSettings = {
				ALWAYS_EMBED_SWIFT_STANDARD_LIBRARIES = YES;
				ASSETCATALOG_COMPILER_APPICON_NAME = AppIcon;
				ASSETCATALOG_COMPILER_GLOBAL_ACCENT_COLOR_NAME = AccentColor;
				CODE_SIGN_ENTITLEMENTS = Metronome/Metronome.entitlements;
				CODE_SIGN_STYLE = Automatic;
				CURRENT_PROJECT_VERSION = 1;
				DEVELOPMENT_ASSET_PATHS = "\"Metronome/Preview Content\"";
				DEVELOPMENT_TEAM = S7784F33D3;
				ENABLE_PREVIEWS = YES;
				GENERATE_INFOPLIST_FILE = YES;
				INFOPLIST_FILE = Metronome/Info.plist;
				INFOPLIST_KEY_NSSupportsLiveActivities = YES;
				INFOPLIST_KEY_UIApplicationSceneManifest_Generation = YES;
				INFOPLIST_KEY_UIApplicationSupportsIndirectInputEvents = YES;
				INFOPLIST_KEY_UILaunchScreen_Generation = YES;
				INFOPLIST_KEY_UISupportedInterfaceOrientations_iPad = "UIInterfaceOrientationPortrait UIInterfaceOrientationPortraitUpsideDown UIInterfaceOrientationLandscapeLeft UIInterfaceOrientationLandscapeRight";
				INFOPLIST_KEY_UISupportedInterfaceOrientations_iPhone = "UIInterfaceOrientationPortrait UIInterfaceOrientationLandscapeLeft UIInterfaceOrientationLandscapeRight";
				IPHONEOS_DEPLOYMENT_TARGET = 16.1;
				LD_RUNPATH_SEARCH_PATHS = (
					"$(inherited)",
					"@executable_path/Frameworks",
				);
				MARKETING_VERSION = 1.0;
				PRODUCT_BUNDLE_IDENTIFIER = com.tplaymeow.Metronome;
				PRODUCT_NAME = "$(TARGET_NAME)";
				SWIFT_EMIT_LOC_STRINGS = YES;
				SWIFT_VERSION = 5.0;
				TARGETED_DEVICE_FAMILY = "1,2";
			};
			name = Debug;
		};
		20A662CF2A96714C000EC564 /* Release */ = {
			isa = XCBuildConfiguration;
			buildSettings = {
				ALWAYS_EMBED_SWIFT_STANDARD_LIBRARIES = YES;
				ASSETCATALOG_COMPILER_APPICON_NAME = AppIcon;
				ASSETCATALOG_COMPILER_GLOBAL_ACCENT_COLOR_NAME = AccentColor;
				CODE_SIGN_ENTITLEMENTS = Metronome/Metronome.entitlements;
				CODE_SIGN_STYLE = Automatic;
				CURRENT_PROJECT_VERSION = 1;
				DEVELOPMENT_ASSET_PATHS = "\"Metronome/Preview Content\"";
				DEVELOPMENT_TEAM = S7784F33D3;
				ENABLE_PREVIEWS = YES;
				GENERATE_INFOPLIST_FILE = YES;
				INFOPLIST_FILE = Metronome/Info.plist;
				INFOPLIST_KEY_NSSupportsLiveActivities = YES;
				INFOPLIST_KEY_UIApplicationSceneManifest_Generation = YES;
				INFOPLIST_KEY_UIApplicationSupportsIndirectInputEvents = YES;
				INFOPLIST_KEY_UILaunchScreen_Generation = YES;
				INFOPLIST_KEY_UISupportedInterfaceOrientations_iPad = "UIInterfaceOrientationPortrait UIInterfaceOrientationPortraitUpsideDown UIInterfaceOrientationLandscapeLeft UIInterfaceOrientationLandscapeRight";
				INFOPLIST_KEY_UISupportedInterfaceOrientations_iPhone = "UIInterfaceOrientationPortrait UIInterfaceOrientationLandscapeLeft UIInterfaceOrientationLandscapeRight";
				IPHONEOS_DEPLOYMENT_TARGET = 16.1;
				LD_RUNPATH_SEARCH_PATHS = (
					"$(inherited)",
					"@executable_path/Frameworks",
				);
				MARKETING_VERSION = 1.0;
				PRODUCT_BUNDLE_IDENTIFIER = com.tplaymeow.Metronome;
				PRODUCT_NAME = "$(TARGET_NAME)";
				SWIFT_EMIT_LOC_STRINGS = YES;
				SWIFT_VERSION = 5.0;
				TARGETED_DEVICE_FAMILY = "1,2";
			};
			name = Release;
		};
		20C2FE442A9D4C5D003B7CB7 /* Debug */ = {
			isa = XCBuildConfiguration;
			buildSettings = {
				ASSETCATALOG_COMPILER_GLOBAL_ACCENT_COLOR_NAME = AccentColor;
				ASSETCATALOG_COMPILER_WIDGET_BACKGROUND_COLOR_NAME = WidgetBackground;
				CODE_SIGN_ENTITLEMENTS = Widget/WidgetExtension.entitlements;
				CODE_SIGN_STYLE = Automatic;
				CURRENT_PROJECT_VERSION = 1;
				DEVELOPMENT_TEAM = S7784F33D3;
				GENERATE_INFOPLIST_FILE = YES;
				INFOPLIST_FILE = Widget/Info.plist;
				INFOPLIST_KEY_CFBundleDisplayName = Widget;
				INFOPLIST_KEY_NSHumanReadableCopyright = "";
				IPHONEOS_DEPLOYMENT_TARGET = 16.1;
				LD_RUNPATH_SEARCH_PATHS = (
					"$(inherited)",
					"@executable_path/Frameworks",
					"@executable_path/../../Frameworks",
				);
				MARKETING_VERSION = 1.0;
				PRODUCT_BUNDLE_IDENTIFIER = com.tplaymeow.Metronome.Widget;
				PRODUCT_NAME = "$(TARGET_NAME)";
				SKIP_INSTALL = YES;
				SWIFT_EMIT_LOC_STRINGS = YES;
				SWIFT_VERSION = 5.0;
				TARGETED_DEVICE_FAMILY = "1,2";
			};
			name = Debug;
		};
		20C2FE452A9D4C5D003B7CB7 /* Release */ = {
			isa = XCBuildConfiguration;
			buildSettings = {
				ASSETCATALOG_COMPILER_GLOBAL_ACCENT_COLOR_NAME = AccentColor;
				ASSETCATALOG_COMPILER_WIDGET_BACKGROUND_COLOR_NAME = WidgetBackground;
				CODE_SIGN_ENTITLEMENTS = Widget/WidgetExtension.entitlements;
				CODE_SIGN_STYLE = Automatic;
				CURRENT_PROJECT_VERSION = 1;
				DEVELOPMENT_TEAM = S7784F33D3;
				GENERATE_INFOPLIST_FILE = YES;
				INFOPLIST_FILE = Widget/Info.plist;
				INFOPLIST_KEY_CFBundleDisplayName = Widget;
				INFOPLIST_KEY_NSHumanReadableCopyright = "";
				IPHONEOS_DEPLOYMENT_TARGET = 16.1;
				LD_RUNPATH_SEARCH_PATHS = (
					"$(inherited)",
					"@executable_path/Frameworks",
					"@executable_path/../../Frameworks",
				);
				MARKETING_VERSION = 1.0;
				PRODUCT_BUNDLE_IDENTIFIER = com.tplaymeow.Metronome.Widget;
				PRODUCT_NAME = "$(TARGET_NAME)";
				SKIP_INSTALL = YES;
				SWIFT_EMIT_LOC_STRINGS = YES;
				SWIFT_VERSION = 5.0;
				TARGETED_DEVICE_FAMILY = "1,2";
			};
			name = Release;
		};
/* End XCBuildConfiguration section */

/* Begin XCConfigurationList section */
		20A662BA2A967146000EC564 /* Build configuration list for PBXProject "Metronome" */ = {
			isa = XCConfigurationList;
			buildConfigurations = (
				20A662CB2A96714C000EC564 /* Debug */,
				20A662CC2A96714C000EC564 /* Release */,
			);
			defaultConfigurationIsVisible = 0;
			defaultConfigurationName = Release;
		};
		20A662CD2A96714C000EC564 /* Build configuration list for PBXNativeTarget "Metronome" */ = {
			isa = XCConfigurationList;
			buildConfigurations = (
				20A662CE2A96714C000EC564 /* Debug */,
				20A662CF2A96714C000EC564 /* Release */,
			);
			defaultConfigurationIsVisible = 0;
			defaultConfigurationName = Release;
		};
		20C2FE462A9D4C5D003B7CB7 /* Build configuration list for PBXNativeTarget "WidgetExtension" */ = {
			isa = XCConfigurationList;
			buildConfigurations = (
				20C2FE442A9D4C5D003B7CB7 /* Debug */,
				20C2FE452A9D4C5D003B7CB7 /* Release */,
			);
			defaultConfigurationIsVisible = 0;
			defaultConfigurationName = Release;
		};
/* End XCConfigurationList section */

/* Begin XCSwiftPackageProductDependency section */
		20C2FE282A967A0A003B7CB7 /* AppFeature */ = {
			isa = XCSwiftPackageProductDependency;
			productName = AppFeature;
		};
		20C2FE472A9DDBF4003B7CB7 /* WidgetFeature */ = {
			isa = XCSwiftPackageProductDependency;
			productName = WidgetFeature;
		};
		20C2FE4B2A9FE1D1003B7CB7 /* WidgetActivityAttributes */ = {
			isa = XCSwiftPackageProductDependency;
			productName = WidgetActivityAttributes;
		};
		20C2FE4D2A9FE523003B7CB7 /* WidgetLiveActivityFeature */ = {
			isa = XCSwiftPackageProductDependency;
			productName = WidgetLiveActivityFeature;
		};
/* End XCSwiftPackageProductDependency section */
	};
	rootObject = 20A662B72A967146000EC564 /* Project object */;
}
